{
  "object": {
    "pins": [
      {
        "package": "PureSwiftUI",
        "repositoryURL": "https://github.com/CodeSlicing/pure-swift-ui.git",
        "state": {
          "branch": "develop",
          "revision": "67b909e143252ddb9f16f776b2329b0b29a57968",
          "version": null
        }
      },
      {
        "package": "PureSwiftUIDesign",
        "repositoryURL": "https://github.com/CodeSlicing/pure-swift-ui-design.git",
        "state": {
          "branch": null,
          "revision": "40489273ee4703032c7d4d185ac25743f604e158",
          "version": "1.0.0"
        }
      }
    ]
  },
  "version": 1
}
