// !$*UTF8*$!
{
	archiveVersion = 1;
	classes = {
	};
	objectVersion = 55;
	objects = {

/* Begin PBXBuildFile section */
		772FF9B42735083E006E3AAE /* PureSwiftUI in Frameworks */ = {isa = PBXBuildFile; productRef = 772FF9B32735083E006E3AAE /* PureSwiftUI */; };
		772FF9B7273542BD006E3AAE /* Kingfisher in Frameworks */ = {isa = PBXBuildFile; productRef = 772FF9B6273542BD006E3AAE /* Kingfisher */; };
		775668B32722D1C2009EBD42 /* MarsPhotosApp.swift in Sources */ = {isa = PBXBuildFile; fileRef = 775668B22722D1C2009EBD42 /* MarsPhotosApp.swift */; };
		775668B72722D1C5009EBD42 /* Assets.xcassets in Resources */ = {isa = PBXBuildFile; fileRef = 775668B62722D1C5009EBD42 /* Assets.xcassets */; };
		775668BA2722D1C5009EBD42 /* Preview Assets.xcassets in Resources */ = {isa = PBXBuildFile; fileRef = 775668B92722D1C5009EBD42 /* Preview Assets.xcassets */; };
		775668C32722D4B3009EBD42 /* RoverSelectionView.swift in Sources */ = {isa = PBXBuildFile; fileRef = 775668C22722D4B3009EBD42 /* RoverSelectionView.swift */; };
		775668C82722D4E5009EBD42 /* APISession.swift in Sources */ = {isa = PBXBuildFile; fileRef = 775668C72722D4E5009EBD42 /* APISession.swift */; };
		775668CB2722D9BA009EBD42 /* PhotosApiResponse.swift in Sources */ = {isa = PBXBuildFile; fileRef = 775668CA2722D9BA009EBD42 /* PhotosApiResponse.swift */; };
		775668CE27242893009EBD42 /* APIError.swift in Sources */ = {isa = PBXBuildFile; fileRef = 775668CD27242893009EBD42 /* APIError.swift */; };
		775668D127242AEA009EBD42 /* RoverSelectionViewModel.swift in Sources */ = {isa = PBXBuildFile; fileRef = 775668D027242AEA009EBD42 /* RoverSelectionViewModel.swift */; };
		775668D527243577009EBD42 /* OpportunitySegment.swift in Sources */ = {isa = PBXBuildFile; fileRef = 775668D427243577009EBD42 /* OpportunitySegment.swift */; };
		775668D727258380009EBD42 /* CuriositySegment.swift in Sources */ = {isa = PBXBuildFile; fileRef = 775668D627258380009EBD42 /* CuriositySegment.swift */; };
		775668DA2725893D009EBD42 /* UIScreen + extensions.swift in Sources */ = {isa = PBXBuildFile; fileRef = 775668D92725893D009EBD42 /* UIScreen + extensions.swift */; };
		775668DF2728206B009EBD42 /* SpiritSegemnt.swift in Sources */ = {isa = PBXBuildFile; fileRef = 775668DE2728206B009EBD42 /* SpiritSegemnt.swift */; };
		775668E1272824DF009EBD42 /* Constants.swift in Sources */ = {isa = PBXBuildFile; fileRef = 775668E0272824DF009EBD42 /* Constants.swift */; };
		77586BD7272AA37000C0564C /* AbrilFatface-Regular.otf in Resources */ = {isa = PBXBuildFile; fileRef = 77586BD6272AA37000C0564C /* AbrilFatface-Regular.otf */; };
		77586BD9272AA37F00C0564C /* Lato-Heavy.ttf in Resources */ = {isa = PBXBuildFile; fileRef = 77586BD8272AA37E00C0564C /* Lato-Heavy.ttf */; };
		77586BDC272AAF4800C0564C /* Color + extensions.swift in Sources */ = {isa = PBXBuildFile; fileRef = 77586BDB272AAF4800C0564C /* Color + extensions.swift */; };
		77586BDE272AB33A00C0564C /* Fonts.swift in Sources */ = {isa = PBXBuildFile; fileRef = 77586BDD272AB33A00C0564C /* Fonts.swift */; };
		77586BE0272AB3F500C0564C /* Colors.swift in Sources */ = {isa = PBXBuildFile; fileRef = 77586BDF272AB3F500C0564C /* Colors.swift */; };
		77586BE2272BBD4600C0564C /* Strings.swift in Sources */ = {isa = PBXBuildFile; fileRef = 77586BE1272BBD4600C0564C /* Strings.swift */; };
		77586BE6272C0A3D00C0564C /* NasaAPIEndpoint.swift in Sources */ = {isa = PBXBuildFile; fileRef = 77586BE5272C0A3D00C0564C /* NasaAPIEndpoint.swift */; };
		77586BEA272EEDD000C0564C /* String + extensions.swift in Sources */ = {isa = PBXBuildFile; fileRef = 77586BE9272EEDD000C0564C /* String + extensions.swift */; };
		777C413227311E500031FF43 /* SafariView.swift in Sources */ = {isa = PBXBuildFile; fileRef = 777C413127311E4F0031FF43 /* SafariView.swift */; };
		777C413527312C2A0031FF43 /* ManifestsApiResponse.swift in Sources */ = {isa = PBXBuildFile; fileRef = 777C413427312C2A0031FF43 /* ManifestsApiResponse.swift */; };
		777C41382732564F0031FF43 /* Rover.swift in Sources */ = {isa = PBXBuildFile; fileRef = 777C41372732564F0031FF43 /* Rover.swift */; };
		777C413A273256F00031FF43 /* NasaAPIService.swift in Sources */ = {isa = PBXBuildFile; fileRef = 777C4139273256F00031FF43 /* NasaAPIService.swift */; };
		777C413E2733894D0031FF43 /* RoverPhotosView.swift in Sources */ = {isa = PBXBuildFile; fileRef = 777C413D2733894D0031FF43 /* RoverPhotosView.swift */; };
		777C4141273389680031FF43 /* RoverPhotoViewModel.swift in Sources */ = {isa = PBXBuildFile; fileRef = 777C4140273389680031FF43 /* RoverPhotoViewModel.swift */; };
		777C41432733908F0031FF43 /* Images.swift in Sources */ = {isa = PBXBuildFile; fileRef = 777C41422733908F0031FF43 /* Images.swift */; };
		777C414C2733F0400031FF43 /* View + extensions.swift in Sources */ = {isa = PBXBuildFile; fileRef = 777C414B2733F0400031FF43 /* View + extensions.swift */; };
		777C414F2733F11E0031FF43 /* Shapes.swift in Sources */ = {isa = PBXBuildFile; fileRef = 777C414E2733F11E0031FF43 /* Shapes.swift */; };
/* End PBXBuildFile section */

/* Begin PBXFileReference section */
		775668AF2722D1C1009EBD42 /* MarsPhotos.app */ = {isa = PBXFileReference; explicitFileType = wrapper.application; includeInIndex = 0; path = MarsPhotos.app; sourceTree = BUILT_PRODUCTS_DIR; };
		775668B22722D1C2009EBD42 /* MarsPhotosApp.swift */ = {isa = PBXFileReference; lastKnownFileType = sourcecode.swift; path = MarsPhotosApp.swift; sourceTree = "<group>"; };
		775668B62722D1C5009EBD42 /* Assets.xcassets */ = {isa = PBXFileReference; lastKnownFileType = folder.assetcatalog; path = Assets.xcassets; sourceTree = "<group>"; };
		775668B92722D1C5009EBD42 /* Preview Assets.xcassets */ = {isa = PBXFileReference; lastKnownFileType = folder.assetcatalog; path = "Preview Assets.xcassets"; sourceTree = "<group>"; };
		775668C22722D4B3009EBD42 /* RoverSelectionView.swift */ = {isa = PBXFileReference; lastKnownFileType = sourcecode.swift; path = RoverSelectionView.swift; sourceTree = "<group>"; };
		775668C72722D4E5009EBD42 /* APISession.swift */ = {isa = PBXFileReference; lastKnownFileType = sourcecode.swift; path = APISession.swift; sourceTree = "<group>"; };
		775668CA2722D9BA009EBD42 /* PhotosApiResponse.swift */ = {isa = PBXFileReference; lastKnownFileType = sourcecode.swift; path = PhotosApiResponse.swift; sourceTree = "<group>"; };
		775668CD27242893009EBD42 /* APIError.swift */ = {isa = PBXFileReference; lastKnownFileType = sourcecode.swift; path = APIError.swift; sourceTree = "<group>"; };
		775668D027242AEA009EBD42 /* RoverSelectionViewModel.swift */ = {isa = PBXFileReference; lastKnownFileType = sourcecode.swift; path = RoverSelectionViewModel.swift; sourceTree = "<group>"; };
		775668D427243577009EBD42 /* OpportunitySegment.swift */ = {isa = PBXFileReference; lastKnownFileType = sourcecode.swift; path = OpportunitySegment.swift; sourceTree = "<group>"; };
		775668D627258380009EBD42 /* CuriositySegment.swift */ = {isa = PBXFileReference; lastKnownFileType = sourcecode.swift; path = CuriositySegment.swift; sourceTree = "<group>"; };
		775668D92725893D009EBD42 /* UIScreen + extensions.swift */ = {isa = PBXFileReference; lastKnownFileType = sourcecode.swift; path = "UIScreen + extensions.swift"; sourceTree = "<group>"; };
		775668DE2728206B009EBD42 /* SpiritSegemnt.swift */ = {isa = PBXFileReference; lastKnownFileType = sourcecode.swift; path = SpiritSegemnt.swift; sourceTree = "<group>"; };
		775668E0272824DF009EBD42 /* Constants.swift */ = {isa = PBXFileReference; lastKnownFileType = sourcecode.swift; path = Constants.swift; sourceTree = "<group>"; };
		77586BD6272AA37000C0564C /* AbrilFatface-Regular.otf */ = {isa = PBXFileReference; lastKnownFileType = file; path = "AbrilFatface-Regular.otf"; sourceTree = "<group>"; };
		77586BD8272AA37E00C0564C /* Lato-Heavy.ttf */ = {isa = PBXFileReference; lastKnownFileType = file; path = "Lato-Heavy.ttf"; sourceTree = "<group>"; };
		77586BDA272AAD8E00C0564C /* Info.plist */ = {isa = PBXFileReference; lastKnownFileType = text.plist.xml; path = Info.plist; sourceTree = "<group>"; };
		77586BDB272AAF4800C0564C /* Color + extensions.swift */ = {isa = PBXFileReference; lastKnownFileType = sourcecode.swift; path = "Color + extensions.swift"; sourceTree = "<group>"; };
		77586BDD272AB33A00C0564C /* Fonts.swift */ = {isa = PBXFileReference; lastKnownFileType = sourcecode.swift; path = Fonts.swift; sourceTree = "<group>"; };
		77586BDF272AB3F500C0564C /* Colors.swift */ = {isa = PBXFileReference; lastKnownFileType = sourcecode.swift; path = Colors.swift; sourceTree = "<group>"; };
		77586BE1272BBD4600C0564C /* Strings.swift */ = {isa = PBXFileReference; lastKnownFileType = sourcecode.swift; path = Strings.swift; sourceTree = "<group>"; };
		77586BE5272C0A3D00C0564C /* NasaAPIEndpoint.swift */ = {isa = PBXFileReference; lastKnownFileType = sourcecode.swift; path = NasaAPIEndpoint.swift; sourceTree = "<group>"; };
		77586BE9272EEDD000C0564C /* String + extensions.swift */ = {isa = PBXFileReference; lastKnownFileType = sourcecode.swift; path = "String + extensions.swift"; sourceTree = "<group>"; };
		777C413127311E4F0031FF43 /* SafariView.swift */ = {isa = PBXFileReference; lastKnownFileType = sourcecode.swift; path = SafariView.swift; sourceTree = "<group>"; };
		777C413427312C2A0031FF43 /* ManifestsApiResponse.swift */ = {isa = PBXFileReference; lastKnownFileType = sourcecode.swift; path = ManifestsApiResponse.swift; sourceTree = "<group>"; };
		777C41372732564F0031FF43 /* Rover.swift */ = {isa = PBXFileReference; lastKnownFileType = sourcecode.swift; path = Rover.swift; sourceTree = "<group>"; };
		777C4139273256F00031FF43 /* NasaAPIService.swift */ = {isa = PBXFileReference; lastKnownFileType = sourcecode.swift; path = NasaAPIService.swift; sourceTree = "<group>"; };
		777C413D2733894D0031FF43 /* RoverPhotosView.swift */ = {isa = PBXFileReference; lastKnownFileType = sourcecode.swift; path = RoverPhotosView.swift; sourceTree = "<group>"; };
		777C4140273389680031FF43 /* RoverPhotoViewModel.swift */ = {isa = PBXFileReference; lastKnownFileType = sourcecode.swift; path = RoverPhotoViewModel.swift; sourceTree = "<group>"; };
		777C41422733908F0031FF43 /* Images.swift */ = {isa = PBXFileReference; lastKnownFileType = sourcecode.swift; path = Images.swift; sourceTree = "<group>"; };
		777C414A2733E7F40031FF43 /* PingFang-SC-Regular.ttf */ = {isa = PBXFileReference; lastKnownFileType = file; path = "PingFang-SC-Regular.ttf"; sourceTree = "<group>"; };
		777C414B2733F0400031FF43 /* View + extensions.swift */ = {isa = PBXFileReference; lastKnownFileType = sourcecode.swift; path = "View + extensions.swift"; sourceTree = "<group>"; };
		777C414E2733F11E0031FF43 /* Shapes.swift */ = {isa = PBXFileReference; lastKnownFileType = sourcecode.swift; path = Shapes.swift; sourceTree = "<group>"; };
/* End PBXFileReference section */

/* Begin PBXFrameworksBuildPhase section */
		775668AC2722D1C1009EBD42 /* Frameworks */ = {
			isa = PBXFrameworksBuildPhase;
			buildActionMask = 2147483647;
			files = (
				772FF9B7273542BD006E3AAE /* Kingfisher in Frameworks */,
				772FF9B42735083E006E3AAE /* PureSwiftUI in Frameworks */,
			);
			runOnlyForDeploymentPostprocessing = 0;
		};
/* End PBXFrameworksBuildPhase section */

/* Begin PBXGroup section */
		775668A62722D1C1009EBD42 = {
			isa = PBXGroup;
			children = (
				775668B12722D1C2009EBD42 /* MarsPhotos */,
				775668B02722D1C1009EBD42 /* Products */,
			);
			sourceTree = "<group>";
		};
		775668B02722D1C1009EBD42 /* Products */ = {
			isa = PBXGroup;
			children = (
				775668AF2722D1C1009EBD42 /* MarsPhotos.app */,
			);
			name = Products;
			sourceTree = "<group>";
		};
		775668B12722D1C2009EBD42 /* MarsPhotos */ = {
			isa = PBXGroup;
			children = (
				777C414D2733F1120031FF43 /* Shapes */,
				777C4136273256430031FF43 /* Models */,
				775668D227243549009EBD42 /* Helpers */,
				775668C02722D20C009EBD42 /* SupportingFiles */,
				77586BE4272C0A2E00C0564C /* Services */,
				777C413027311E2C0031FF43 /* Controllers */,
				775668B22722D1C2009EBD42 /* MarsPhotosApp.swift */,
			);
			path = MarsPhotos;
			sourceTree = "<group>";
		};
		775668B82722D1C5009EBD42 /* Preview Content */ = {
			isa = PBXGroup;
			children = (
				775668B92722D1C5009EBD42 /* Preview Assets.xcassets */,
			);
			path = "Preview Content";
			sourceTree = "<group>";
		};
		775668C02722D20C009EBD42 /* SupportingFiles */ = {
			isa = PBXGroup;
			children = (
				77586BDA272AAD8E00C0564C /* Info.plist */,
				77586BD5272AA35D00C0564C /* Fonts */,
				775668B62722D1C5009EBD42 /* Assets.xcassets */,
				775668B82722D1C5009EBD42 /* Preview Content */,
			);
			path = SupportingFiles;
			sourceTree = "<group>";
		};
		775668C12722D459009EBD42 /* RoverSelectionView */ = {
			isa = PBXGroup;
			children = (
				775668E227282F51009EBD42 /* Views */,
				775668C42722D4B8009EBD42 /* ViewModel */,
				775668C22722D4B3009EBD42 /* RoverSelectionView.swift */,
			);
			path = RoverSelectionView;
			sourceTree = "<group>";
		};
		775668C42722D4B8009EBD42 /* ViewModel */ = {
			isa = PBXGroup;
			children = (
				775668D027242AEA009EBD42 /* RoverSelectionViewModel.swift */,
			);
			path = ViewModel;
			sourceTree = "<group>";
		};
		775668C52722D4CA009EBD42 /* APIService */ = {
			isa = PBXGroup;
			children = (
				775668C92722D980009EBD42 /* Models */,
				775668C72722D4E5009EBD42 /* APISession.swift */,
				775668CD27242893009EBD42 /* APIError.swift */,
			);
			path = APIService;
			sourceTree = "<group>";
		};
		775668C92722D980009EBD42 /* Models */ = {
			isa = PBXGroup;
			children = (
				775668CA2722D9BA009EBD42 /* PhotosApiResponse.swift */,
				777C413427312C2A0031FF43 /* ManifestsApiResponse.swift */,
			);
			path = Models;
			sourceTree = "<group>";
		};
		775668D227243549009EBD42 /* Helpers */ = {
			isa = PBXGroup;
			children = (
				775668D827258921009EBD42 /* Extensions */,
				775668E0272824DF009EBD42 /* Constants.swift */,
				77586BDD272AB33A00C0564C /* Fonts.swift */,
				77586BDF272AB3F500C0564C /* Colors.swift */,
				77586BE1272BBD4600C0564C /* Strings.swift */,
				777C41422733908F0031FF43 /* Images.swift */,
			);
			path = Helpers;
			sourceTree = "<group>";
		};
		775668D327243565009EBD42 /* Shapes */ = {
			isa = PBXGroup;
			children = (
				775668D427243577009EBD42 /* OpportunitySegment.swift */,
				775668DE2728206B009EBD42 /* SpiritSegemnt.swift */,
				775668D627258380009EBD42 /* CuriositySegment.swift */,
			);
			path = Shapes;
			sourceTree = "<group>";
		};
		775668D827258921009EBD42 /* Extensions */ = {
			isa = PBXGroup;
			children = (
				775668D92725893D009EBD42 /* UIScreen + extensions.swift */,
				77586BDB272AAF4800C0564C /* Color + extensions.swift */,
				77586BE9272EEDD000C0564C /* String + extensions.swift */,
				777C414B2733F0400031FF43 /* View + extensions.swift */,
			);
			path = Extensions;
			sourceTree = "<group>";
		};
		775668E227282F51009EBD42 /* Views */ = {
			isa = PBXGroup;
			children = (
				775668D327243565009EBD42 /* Shapes */,
			);
			path = Views;
			sourceTree = "<group>";
		};
		77586BD5272AA35D00C0564C /* Fonts */ = {
			isa = PBXGroup;
			children = (
				77586BD8272AA37E00C0564C /* Lato-Heavy.ttf */,
				777C414A2733E7F40031FF43 /* PingFang-SC-Regular.ttf */,
				77586BD6272AA37000C0564C /* AbrilFatface-Regular.otf */,
			);
			path = Fonts;
			sourceTree = "<group>";
		};
		77586BE4272C0A2E00C0564C /* Services */ = {
			isa = PBXGroup;
			children = (
				775668C52722D4CA009EBD42 /* APIService */,
				777C413B273259780031FF43 /* NasaAPIService */,
			);
			path = Services;
			sourceTree = "<group>";
		};
		777C413027311E2C0031FF43 /* Controllers */ = {
			isa = PBXGroup;
			children = (
				777C413C273389150031FF43 /* RoverPhotosView */,
				775668C12722D459009EBD42 /* RoverSelectionView */,
				777C413127311E4F0031FF43 /* SafariView.swift */,
			);
			path = Controllers;
			sourceTree = "<group>";
		};
		777C4136273256430031FF43 /* Models */ = {
			isa = PBXGroup;
			children = (
				777C41372732564F0031FF43 /* Rover.swift */,
			);
			path = Models;
			sourceTree = "<group>";
		};
		777C413B273259780031FF43 /* NasaAPIService */ = {
			isa = PBXGroup;
			children = (
				77586BE5272C0A3D00C0564C /* NasaAPIEndpoint.swift */,
				777C4139273256F00031FF43 /* NasaAPIService.swift */,
			);
			path = NasaAPIService;
			sourceTree = "<group>";
		};
		777C413C273389150031FF43 /* RoverPhotosView */ = {
			isa = PBXGroup;
			children = (
				777C413F273389580031FF43 /* ViewModel */,
				777C413D2733894D0031FF43 /* RoverPhotosView.swift */,
			);
			path = RoverPhotosView;
			sourceTree = "<group>";
		};
		777C413F273389580031FF43 /* ViewModel */ = {
			isa = PBXGroup;
			children = (
				777C4140273389680031FF43 /* RoverPhotoViewModel.swift */,
			);
			path = ViewModel;
			sourceTree = "<group>";
		};
		777C414D2733F1120031FF43 /* Shapes */ = {
			isa = PBXGroup;
			children = (
				777C414E2733F11E0031FF43 /* Shapes.swift */,
			);
			path = Shapes;
			sourceTree = "<group>";
		};
/* End PBXGroup section */

/* Begin PBXNativeTarget section */
		775668AE2722D1C1009EBD42 /* MarsPhotos */ = {
			isa = PBXNativeTarget;
			buildConfigurationList = 775668BD2722D1C5009EBD42 /* Build configuration list for PBXNativeTarget "MarsPhotos" */;
			buildPhases = (
				775668AB2722D1C1009EBD42 /* Sources */,
				775668AC2722D1C1009EBD42 /* Frameworks */,
				775668AD2722D1C1009EBD42 /* Resources */,
			);
			buildRules = (
			);
			dependencies = (
			);
			name = MarsPhotos;
			packageProductDependencies = (
				772FF9B32735083E006E3AAE /* PureSwiftUI */,
				772FF9B6273542BD006E3AAE /* Kingfisher */,
			);
			productName = MarsPhotos;
			productReference = 775668AF2722D1C1009EBD42 /* MarsPhotos.app */;
			productType = "com.apple.product-type.application";
		};
/* End PBXNativeTarget section */

/* Begin PBXProject section */
		775668A72722D1C1009EBD42 /* Project object */ = {
			isa = PBXProject;
			attributes = {
				BuildIndependentTargetsInParallel = 1;
				LastSwiftUpdateCheck = 1300;
				LastUpgradeCheck = 1300;
				TargetAttributes = {
					775668AE2722D1C1009EBD42 = {
						CreatedOnToolsVersion = 13.0;
					};
				};
			};
			buildConfigurationList = 775668AA2722D1C1009EBD42 /* Build configuration list for PBXProject "MarsPhotos" */;
			compatibilityVersion = "Xcode 13.0";
			developmentRegion = en;
			hasScannedForEncodings = 0;
			knownRegions = (
				en,
				Base,
			);
			mainGroup = 775668A62722D1C1009EBD42;
			packageReferences = (
				772FF9B22735083E006E3AAE /* XCRemoteSwiftPackageReference "pure-swift-ui" */,
				772FF9B5273542BD006E3AAE /* XCRemoteSwiftPackageReference "Kingfisher" */,
			);
			productRefGroup = 775668B02722D1C1009EBD42 /* Products */;
			projectDirPath = "";
			projectRoot = "";
			targets = (
				775668AE2722D1C1009EBD42 /* MarsPhotos */,
			);
		};
/* End PBXProject section */

/* Begin PBXResourcesBuildPhase section */
		775668AD2722D1C1009EBD42 /* Resources */ = {
			isa = PBXResourcesBuildPhase;
			buildActionMask = 2147483647;
			files = (
				77586BD9272AA37F00C0564C /* Lato-Heavy.ttf in Resources */,
				775668BA2722D1C5009EBD42 /* Preview Assets.xcassets in Resources */,
				775668B72722D1C5009EBD42 /* Assets.xcassets in Resources */,
				77586BD7272AA37000C0564C /* AbrilFatface-Regular.otf in Resources */,
			);
			runOnlyForDeploymentPostprocessing = 0;
		};
/* End PBXResourcesBuildPhase section */

/* Begin PBXSourcesBuildPhase section */
		775668AB2722D1C1009EBD42 /* Sources */ = {
			isa = PBXSourcesBuildPhase;
			buildActionMask = 2147483647;
			files = (
				777C41382732564F0031FF43 /* Rover.swift in Sources */,
				777C414C2733F0400031FF43 /* View + extensions.swift in Sources */,
				775668CE27242893009EBD42 /* APIError.swift in Sources */,
				775668E1272824DF009EBD42 /* Constants.swift in Sources */,
				77586BDE272AB33A00C0564C /* Fonts.swift in Sources */,
				77586BE0272AB3F500C0564C /* Colors.swift in Sources */,
				775668D127242AEA009EBD42 /* RoverSelectionViewModel.swift in Sources */,
				775668D727258380009EBD42 /* CuriositySegment.swift in Sources */,
				775668B32722D1C2009EBD42 /* MarsPhotosApp.swift in Sources */,
				777C413E2733894D0031FF43 /* RoverPhotosView.swift in Sources */,
				77586BE2272BBD4600C0564C /* Strings.swift in Sources */,
				77586BE6272C0A3D00C0564C /* NasaAPIEndpoint.swift in Sources */,
				77586BEA272EEDD000C0564C /* String + extensions.swift in Sources */,
				77586BDC272AAF4800C0564C /* Color + extensions.swift in Sources */,
				777C41432733908F0031FF43 /* Images.swift in Sources */,
				777C413A273256F00031FF43 /* NasaAPIService.swift in Sources */,
				777C413227311E500031FF43 /* SafariView.swift in Sources */,
				775668DF2728206B009EBD42 /* SpiritSegemnt.swift in Sources */,
				775668DA2725893D009EBD42 /* UIScreen + extensions.swift in Sources */,
				775668D527243577009EBD42 /* OpportunitySegment.swift in Sources */,
				775668C82722D4E5009EBD42 /* APISession.swift in Sources */,
				775668CB2722D9BA009EBD42 /* PhotosApiResponse.swift in Sources */,
				777C4141273389680031FF43 /* RoverPhotoViewModel.swift in Sources */,
				777C414F2733F11E0031FF43 /* Shapes.swift in Sources */,
				775668C32722D4B3009EBD42 /* RoverSelectionView.swift in Sources */,
				777C413527312C2A0031FF43 /* ManifestsApiResponse.swift in Sources */,
			);
			runOnlyForDeploymentPostprocessing = 0;
		};
/* End PBXSourcesBuildPhase section */

/* Begin XCBuildConfiguration section */
		775668BB2722D1C5009EBD42 /* Debug */ = {
			isa = XCBuildConfiguration;
			buildSettings = {
				ALWAYS_SEARCH_USER_PATHS = NO;
				CLANG_ANALYZER_NONNULL = YES;
				CLANG_ANALYZER_NUMBER_OBJECT_CONVERSION = YES_AGGRESSIVE;
				CLANG_CXX_LANGUAGE_STANDARD = "gnu++17";
				CLANG_CXX_LIBRARY = "libc++";
				CLANG_ENABLE_MODULES = YES;
				CLANG_ENABLE_OBJC_ARC = YES;
				CLANG_ENABLE_OBJC_WEAK = YES;
				CLANG_WARN_BLOCK_CAPTURE_AUTORELEASING = YES;
				CLANG_WARN_BOOL_CONVERSION = YES;
				CLANG_WARN_COMMA = YES;
				CLANG_WARN_CONSTANT_CONVERSION = YES;
				CLANG_WARN_DEPRECATED_OBJC_IMPLEMENTATIONS = YES;
				CLANG_WARN_DIRECT_OBJC_ISA_USAGE = YES_ERROR;
				CLANG_WARN_DOCUMENTATION_COMMENTS = YES;
				CLANG_WARN_EMPTY_BODY = YES;
				CLANG_WARN_ENUM_CONVERSION = YES;
				CLANG_WARN_INFINITE_RECURSION = YES;
				CLANG_WARN_INT_CONVERSION = YES;
				CLANG_WARN_NON_LITERAL_NULL_CONVERSION = YES;
				CLANG_WARN_OBJC_IMPLICIT_RETAIN_SELF = YES;
				CLANG_WARN_OBJC_LITERAL_CONVERSION = YES;
				CLANG_WARN_OBJC_ROOT_CLASS = YES_ERROR;
				CLANG_WARN_QUOTED_INCLUDE_IN_FRAMEWORK_HEADER = YES;
				CLANG_WARN_RANGE_LOOP_ANALYSIS = YES;
				CLANG_WARN_STRICT_PROTOTYPES = YES;
				CLANG_WARN_SUSPICIOUS_MOVE = YES;
				CLANG_WARN_UNGUARDED_AVAILABILITY = YES_AGGRESSIVE;
				CLANG_WARN_UNREACHABLE_CODE = YES;
				CLANG_WARN__DUPLICATE_METHOD_MATCH = YES;
				COPY_PHASE_STRIP = NO;
				DEBUG_INFORMATION_FORMAT = dwarf;
				ENABLE_STRICT_OBJC_MSGSEND = YES;
				ENABLE_TESTABILITY = YES;
				GCC_C_LANGUAGE_STANDARD = gnu11;
				GCC_DYNAMIC_NO_PIC = NO;
				GCC_NO_COMMON_BLOCKS = YES;
				GCC_OPTIMIZATION_LEVEL = 0;
				GCC_PREPROCESSOR_DEFINITIONS = (
					"DEBUG=1",
					"$(inherited)",
				);
				GCC_WARN_64_TO_32_BIT_CONVERSION = YES;
				GCC_WARN_ABOUT_RETURN_TYPE = YES_ERROR;
				GCC_WARN_UNDECLARED_SELECTOR = YES;
				GCC_WARN_UNINITIALIZED_AUTOS = YES_AGGRESSIVE;
				GCC_WARN_UNUSED_FUNCTION = YES;
				GCC_WARN_UNUSED_VARIABLE = YES;
				IPHONEOS_DEPLOYMENT_TARGET = 15.0;
				MTL_ENABLE_DEBUG_INFO = INCLUDE_SOURCE;
				MTL_FAST_MATH = YES;
				ONLY_ACTIVE_ARCH = YES;
				SDKROOT = iphoneos;
				SWIFT_ACTIVE_COMPILATION_CONDITIONS = DEBUG;
				SWIFT_OPTIMIZATION_LEVEL = "-Onone";
			};
			name = Debug;
		};
		775668BC2722D1C5009EBD42 /* Release */ = {
			isa = XCBuildConfiguration;
			buildSettings = {
				ALWAYS_SEARCH_USER_PATHS = NO;
				CLANG_ANALYZER_NONNULL = YES;
				CLANG_ANALYZER_NUMBER_OBJECT_CONVERSION = YES_AGGRESSIVE;
				CLANG_CXX_LANGUAGE_STANDARD = "gnu++17";
				CLANG_CXX_LIBRARY = "libc++";
				CLANG_ENABLE_MODULES = YES;
				CLANG_ENABLE_OBJC_ARC = YES;
				CLANG_ENABLE_OBJC_WEAK = YES;
				CLANG_WARN_BLOCK_CAPTURE_AUTORELEASING = YES;
				CLANG_WARN_BOOL_CONVERSION = YES;
				CLANG_WARN_COMMA = YES;
				CLANG_WARN_CONSTANT_CONVERSION = YES;
				CLANG_WARN_DEPRECATED_OBJC_IMPLEMENTATIONS = YES;
				CLANG_WARN_DIRECT_OBJC_ISA_USAGE = YES_ERROR;
				CLANG_WARN_DOCUMENTATION_COMMENTS = YES;
				CLANG_WARN_EMPTY_BODY = YES;
				CLANG_WARN_ENUM_CONVERSION = YES;
				CLANG_WARN_INFINITE_RECURSION = YES;
				CLANG_WARN_INT_CONVERSION = YES;
				CLANG_WARN_NON_LITERAL_NULL_CONVERSION = YES;
				CLANG_WARN_OBJC_IMPLICIT_RETAIN_SELF = YES;
				CLANG_WARN_OBJC_LITERAL_CONVERSION = YES;
				CLANG_WARN_OBJC_ROOT_CLASS = YES_ERROR;
				CLANG_WARN_QUOTED_INCLUDE_IN_FRAMEWORK_HEADER = YES;
				CLANG_WARN_RANGE_LOOP_ANALYSIS = YES;
				CLANG_WARN_STRICT_PROTOTYPES = YES;
				CLANG_WARN_SUSPICIOUS_MOVE = YES;
				CLANG_WARN_UNGUARDED_AVAILABILITY = YES_AGGRESSIVE;
				CLANG_WARN_UNREACHABLE_CODE = YES;
				CLANG_WARN__DUPLICATE_METHOD_MATCH = YES;
				COPY_PHASE_STRIP = NO;
				DEBUG_INFORMATION_FORMAT = "dwarf-with-dsym";
				ENABLE_NS_ASSERTIONS = NO;
				ENABLE_STRICT_OBJC_MSGSEND = YES;
				GCC_C_LANGUAGE_STANDARD = gnu11;
				GCC_NO_COMMON_BLOCKS = YES;
				GCC_WARN_64_TO_32_BIT_CONVERSION = YES;
				GCC_WARN_ABOUT_RETURN_TYPE = YES_ERROR;
				GCC_WARN_UNDECLARED_SELECTOR = YES;
				GCC_WARN_UNINITIALIZED_AUTOS = YES_AGGRESSIVE;
				GCC_WARN_UNUSED_FUNCTION = YES;
				GCC_WARN_UNUSED_VARIABLE = YES;
				IPHONEOS_DEPLOYMENT_TARGET = 15.0;
				MTL_ENABLE_DEBUG_INFO = NO;
				MTL_FAST_MATH = YES;
				SDKROOT = iphoneos;
				SWIFT_COMPILATION_MODE = wholemodule;
				SWIFT_OPTIMIZATION_LEVEL = "-O";
				VALIDATE_PRODUCT = YES;
			};
			name = Release;
		};
		775668BE2722D1C5009EBD42 /* Debug */ = {
			isa = XCBuildConfiguration;
			buildSettings = {
				ASSETCATALOG_COMPILER_APPICON_NAME = AppIcon;
				ASSETCATALOG_COMPILER_GLOBAL_ACCENT_COLOR_NAME = AccentColor;
				CODE_SIGN_STYLE = Automatic;
				CURRENT_PROJECT_VERSION = 1;
				DEVELOPMENT_ASSET_PATHS = "\"MarsPhotos/SupportingFiles/Preview Content\"";
				ENABLE_PREVIEWS = YES;
				GENERATE_INFOPLIST_FILE = YES;
				INFOPLIST_FILE = MarsPhotos/SupportingFiles/Info.plist;
				INFOPLIST_KEY_UIApplicationSceneManifest_Generation = YES;
				INFOPLIST_KEY_UIApplicationSupportsIndirectInputEvents = YES;
				INFOPLIST_KEY_UILaunchScreen_Generation = YES;
				INFOPLIST_KEY_UISupportedInterfaceOrientations = UIInterfaceOrientationPortrait;
				INFOPLIST_KEY_UISupportedInterfaceOrientations_iPad = "UIInterfaceOrientationPortrait UIInterfaceOrientationPortraitUpsideDown UIInterfaceOrientationLandscapeLeft UIInterfaceOrientationLandscapeRight";
				INFOPLIST_KEY_UISupportedInterfaceOrientations_iPhone = "UIInterfaceOrientationPortrait UIInterfaceOrientationLandscapeLeft UIInterfaceOrientationLandscapeRight";
				IPHONEOS_DEPLOYMENT_TARGET = 14.0;
				LD_RUNPATH_SEARCH_PATHS = (
					"$(inherited)",
					"@executable_path/Frameworks",
				);
				MARKETING_VERSION = 1.0;
				PRODUCT_BUNDLE_IDENTIFIER = "VP-P.MarsPhotos";
				PRODUCT_NAME = "$(TARGET_NAME)";
				SWIFT_EMIT_LOC_STRINGS = YES;
				SWIFT_VERSION = 5.0;
				TARGETED_DEVICE_FAMILY = 1;
			};
			name = Debug;
		};
		775668BF2722D1C5009EBD42 /* Release */ = {
			isa = XCBuildConfiguration;
			buildSettings = {
				ASSETCATALOG_COMPILER_APPICON_NAME = AppIcon;
				ASSETCATALOG_COMPILER_GLOBAL_ACCENT_COLOR_NAME = AccentColor;
				CODE_SIGN_STYLE = Automatic;
				CURRENT_PROJECT_VERSION = 1;
				DEVELOPMENT_ASSET_PATHS = "\"MarsPhotos/SupportingFiles/Preview Content\"";
				ENABLE_PREVIEWS = YES;
				GENERATE_INFOPLIST_FILE = YES;
				INFOPLIST_FILE = MarsPhotos/SupportingFiles/Info.plist;
				INFOPLIST_KEY_UIApplicationSceneManifest_Generation = YES;
				INFOPLIST_KEY_UIApplicationSupportsIndirectInputEvents = YES;
				INFOPLIST_KEY_UILaunchScreen_Generation = YES;
				INFOPLIST_KEY_UISupportedInterfaceOrientations = UIInterfaceOrientationPortrait;
				INFOPLIST_KEY_UISupportedInterfaceOrientations_iPad = "UIInterfaceOrientationPortrait UIInterfaceOrientationPortraitUpsideDown UIInterfaceOrientationLandscapeLeft UIInterfaceOrientationLandscapeRight";
				INFOPLIST_KEY_UISupportedInterfaceOrientations_iPhone = "UIInterfaceOrientationPortrait UIInterfaceOrientationLandscapeLeft UIInterfaceOrientationLandscapeRight";
				IPHONEOS_DEPLOYMENT_TARGET = 14.0;
				LD_RUNPATH_SEARCH_PATHS = (
					"$(inherited)",
					"@executable_path/Frameworks",
				);
				MARKETING_VERSION = 1.0;
				PRODUCT_BUNDLE_IDENTIFIER = "VP-P.MarsPhotos";
				PRODUCT_NAME = "$(TARGET_NAME)";
				SWIFT_EMIT_LOC_STRINGS = YES;
				SWIFT_VERSION = 5.0;
				TARGETED_DEVICE_FAMILY = 1;
			};
			name = Release;
		};
/* End XCBuildConfiguration section */

/* Begin XCConfigurationList section */
		775668AA2722D1C1009EBD42 /* Build configuration list for PBXProject "MarsPhotos" */ = {
			isa = XCConfigurationList;
			buildConfigurations = (
				775668BB2722D1C5009EBD42 /* Debug */,
				775668BC2722D1C5009EBD42 /* Release */,
			);
			defaultConfigurationIsVisible = 0;
			defaultConfigurationName = Release;
		};
		775668BD2722D1C5009EBD42 /* Build configuration list for PBXNativeTarget "MarsPhotos" */ = {
			isa = XCConfigurationList;
			buildConfigurations = (
				775668BE2722D1C5009EBD42 /* Debug */,
				775668BF2722D1C5009EBD42 /* Release */,
			);
			defaultConfigurationIsVisible = 0;
			defaultConfigurationName = Release;
		};
/* End XCConfigurationList section */

/* Begin XCRemoteSwiftPackageReference section */
		772FF9B22735083E006E3AAE /* XCRemoteSwiftPackageReference "pure-swift-ui" */ = {
			isa = XCRemoteSwiftPackageReference;
			repositoryURL = "https://github.com/CodeSlicing/pure-swift-ui.git";
			requirement = {
				branch = develop;
				kind = branch;
			};
		};
		772FF9B5273542BD006E3AAE /* XCRemoteSwiftPackageReference "Kingfisher" */ = {
			isa = XCRemoteSwiftPackageReference;
			repositoryURL = "https://github.com/onevcat/Kingfisher.git";
			requirement = {
				kind = upToNextMajorVersion;
				minimumVersion = 7.0.0;
			};
		};
/* End XCRemoteSwiftPackageReference section */

/* Begin XCSwiftPackageProductDependency section */
		772FF9B32735083E006E3AAE /* PureSwiftUI */ = {
			isa = XCSwiftPackageProductDependency;
			package = 772FF9B22735083E006E3AAE /* XCRemoteSwiftPackageReference "pure-swift-ui" */;
			productName = PureSwiftUI;
		};
		772FF9B6273542BD006E3AAE /* Kingfisher */ = {
			isa = XCSwiftPackageProductDependency;
			package = 772FF9B5273542BD006E3AAE /* XCRemoteSwiftPackageReference "Kingfisher" */;
			productName = Kingfisher;
		};
/* End XCSwiftPackageProductDependency section */
	};
	rootObject = 775668A72722D1C1009EBD42 /* Project object */;
}
